
Microsoft Visual Studio Solution File, Format Version 12.00
# Visual Studio Version 17
VisualStudioVersion = 17.8.34511.84
MinimumVisualStudioVersion = 10.0.40219.1
Project("{9A19103F-16F7-4668-BE54-9A1E7A4F7556}") = "Osu Timer", "Osu Timer.csproj", "{DB1E0150-A86E-49A8-AAE8-9EFA443D6310}"
EndProject
Project("{2150E333-8FDC-42A3-9474-1A3956D46DE8}") = "Solution Items", "Solution Items", "{6AA454F7-F2C4-4FB6-B819-EE9EB95A6ECA}"
	ProjectSection(SolutionItems) = preProject
		.editorconfig = .editorconfig
	EndProjectSection
EndProject
Global
	GlobalSection(SolutionConfigurationPlatforms) = preSolution
		Debug|Any CPU = Debug|Any CPU
		ExportDebug|Any CPU = ExportDebug|Any CPU
		ExportRelease|Any CPU = ExportRelease|Any CPU
	EndGlobalSection
	GlobalSection(ProjectConfigurationPlatforms) = postSolution
		{DB1E0150-A86E-49A8-AAE8-9EFA443D6310}.Debug|Any CPU.ActiveCfg = Debug|Any CPU
		{DB1E0150-A86E-49A8-AAE8-9EFA443D6310}.Debug|Any CPU.Build.0 = Debug|Any CPU
		{DB1E0150-A86E-49A8-AAE8-9EFA443D6310}.ExportDebug|Any CPU.ActiveCfg = ExportDebug|Any CPU
		{DB1E0150-A86E-49A8-AAE8-9EFA443D6310}.ExportDebug|Any CPU.Build.0 = ExportDebug|Any CPU
		{DB1E0150-A86E-49A8-AAE8-9EFA443D6310}.ExportRelease|Any CPU.ActiveCfg = ExportRelease|Any CPU
		{DB1E0150-A86E-49A8-AAE8-9EFA443D6310}.ExportRelease|Any CPU.Build.0 = ExportRelease|Any CPU
	EndGlobalSection
	GlobalSection(SolutionProperties) = preSolution
		HideSolutionNode = FALSE
	EndGlobalSection
EndGlobal
